
Microsoft Visual Studio Solution File, Format Version 12.00
# Visual Studio 15
VisualStudioVersion = 15.0.27004.2005
MinimumVisualStudioVersion = 10.0.40219.1
Project("{FAE04EC0-301F-11D3-BF4B-00C04F79EFBC}") = "InterageApp", "InterageApp\InterageApp.csproj", "{4200CAE6-C2CD-4DBE-BCF9-3DAE40C2F74A}"
EndProject
Global
	GlobalSection(SolutionConfigurationPlatforms) = preSolution
		Debug|Any CPU = Debug|Any CPU
		Release|Any CPU = Release|Any CPU
	EndGlobalSection
	GlobalSection(ProjectConfigurationPlatforms) = postSolution
		{4200CAE6-C2CD-4DBE-BCF9-3DAE40C2F74A}.Debug|Any CPU.ActiveCfg = Debug|Any CPU
		{4200CAE6-C2CD-4DBE-BCF9-3DAE40C2F74A}.Debug|Any CPU.Build.0 = Debug|Any CPU
		{4200CAE6-C2CD-4DBE-BCF9-3DAE40C2F74A}.Release|Any CPU.ActiveCfg = Release|Any CPU
		{4200CAE6-C2CD-4DBE-BCF9-3DAE40C2F74A}.Release|Any CPU.Build.0 = Release|Any CPU
	EndGlobalSection
	GlobalSection(SolutionProperties) = preSolution
		HideSolutionNode = FALSE
	EndGlobalSection
	GlobalSection(ExtensibilityGlobals) = postSolution
		SolutionGuid = {C8F1AE25-00AA-4608-BD75-DD92BF2CC9D4}
	EndGlobalSection
EndGlobal
